
Microsoft Visual Studio Solution File, Format Version 12.00
# Visual Studio Version 17
VisualStudioVersion = 17.4.33205.214
MinimumVisualStudioVersion = 10.0.40219.1
Project("{FAE04EC0-301F-11D3-BF4B-00C04F79EFBC}") = "console app", "console app\console app.csproj", "{8327E01C-E551-4D97-B507-5C72681A3705}"
EndProject
Global
	GlobalSection(SolutionConfigurationPlatforms) = preSolution
		Debug|Any CPU = Debug|Any CPU
		Release|Any CPU = Release|Any CPU
	EndGlobalSection
	GlobalSection(ProjectConfigurationPlatforms) = postSolution
		{8327E01C-E551-4D97-B507-5C72681A3705}.Debug|Any CPU.ActiveCfg = Debug|Any CPU
		{8327E01C-E551-4D97-B507-5C72681A3705}.Debug|Any CPU.Build.0 = Debug|Any CPU
		{8327E01C-E551-4D97-B507-5C72681A3705}.Release|Any CPU.ActiveCfg = Release|Any CPU
		{8327E01C-E551-4D97-B507-5C72681A3705}.Release|Any CPU.Build.0 = Release|Any CPU
	EndGlobalSection
	GlobalSection(SolutionProperties) = preSolution
		HideSolutionNode = FALSE
	EndGlobalSection
	GlobalSection(ExtensibilityGlobals) = postSolution
		SolutionGuid = {186CF678-C901-4211-BEBA-A7DCFABDA078}
	EndGlobalSection
EndGlobal
